
Microsoft Visual Studio Solution File, Format Version 12.00
# Visual Studio 2013
VisualStudioVersion = 12.0.30501.0
MinimumVisualStudioVersion = 10.0.40219.1
Project("{F184B08F-C81C-45F6-A57F-5ABD9991F28F}") = "Chirpper", "Chirpper\Chirpper.vbproj", "{21D75C14-02FB-4E3B-B581-B8F129A2CE45}"
EndProject
Project("{2150E333-8FDC-42A3-9474-1A3956D46DE8}") = "Solution Items", "Solution Items", "{8F0D11E6-783D-40D3-88AF-6B9A725B043E}"
	ProjectSection(SolutionItems) = preProject
		HTMLPage1.html = HTMLPage1.html
	EndProjectSection
EndProject
Global
	GlobalSection(SolutionConfigurationPlatforms) = preSolution
		Debug|Any CPU = Debug|Any CPU
		Release|Any CPU = Release|Any CPU
	EndGlobalSection
	GlobalSection(ProjectConfigurationPlatforms) = postSolution
		{21D75C14-02FB-4E3B-B581-B8F129A2CE45}.Debug|Any CPU.ActiveCfg = Debug|Any CPU
		{21D75C14-02FB-4E3B-B581-B8F129A2CE45}.Debug|Any CPU.Build.0 = Debug|Any CPU
		{21D75C14-02FB-4E3B-B581-B8F129A2CE45}.Release|Any CPU.ActiveCfg = Release|Any CPU
		{21D75C14-02FB-4E3B-B581-B8F129A2CE45}.Release|Any CPU.Build.0 = Release|Any CPU
	EndGlobalSection
	GlobalSection(SolutionProperties) = preSolution
		HideSolutionNode = FALSE
	EndGlobalSection
EndGlobal
